Microsoft Visual Studio Solution File, Format Version 12.00
# Visual Studio 2012
Project("{FAE04EC0-301F-11D3-BF4B-00C04F79EFBC}") = "PetDaDogCSharp", "PetDaDogCSharp.csproj", "{54E821A1-03C3-4145-9500-6960A366D622}"
EndProject
Project("{FAE04EC0-301F-11D3-BF4B-00C04F79EFBC}") = "PetDaDog.Backend", "..\PetDaDog.Backend\PetDaDog.Backend.csproj", "{2E3F69D9-D919-4CC4-9217-A43B9006787B}"
EndProject
Global
	GlobalSection(SolutionConfigurationPlatforms) = preSolution
	Debug|Any CPU = Debug|Any CPU
	ExportDebug|Any CPU = ExportDebug|Any CPU
	ExportRelease|Any CPU = ExportRelease|Any CPU
	EndGlobalSection
	GlobalSection(ProjectConfigurationPlatforms) = postSolution
		{54E821A1-03C3-4145-9500-6960A366D622}.Debug|Any CPU.ActiveCfg = Debug|Any CPU
		{54E821A1-03C3-4145-9500-6960A366D622}.Debug|Any CPU.Build.0 = Debug|Any CPU
		{54E821A1-03C3-4145-9500-6960A366D622}.ExportDebug|Any CPU.ActiveCfg = ExportDebug|Any CPU
		{54E821A1-03C3-4145-9500-6960A366D622}.ExportDebug|Any CPU.Build.0 = ExportDebug|Any CPU
		{54E821A1-03C3-4145-9500-6960A366D622}.ExportRelease|Any CPU.ActiveCfg = ExportRelease|Any CPU
		{54E821A1-03C3-4145-9500-6960A366D622}.ExportRelease|Any CPU.Build.0 = ExportRelease|Any CPU
		{2E3F69D9-D919-4CC4-9217-A43B9006787B}.Debug|Any CPU.ActiveCfg = Debug|Any CPU
		{2E3F69D9-D919-4CC4-9217-A43B9006787B}.Debug|Any CPU.Build.0 = Debug|Any CPU
		{2E3F69D9-D919-4CC4-9217-A43B9006787B}.ExportDebug|Any CPU.ActiveCfg = Debug|Any CPU
		{2E3F69D9-D919-4CC4-9217-A43B9006787B}.ExportDebug|Any CPU.Build.0 = Debug|Any CPU
		{2E3F69D9-D919-4CC4-9217-A43B9006787B}.ExportRelease|Any CPU.ActiveCfg = Release|Any CPU
		{2E3F69D9-D919-4CC4-9217-A43B9006787B}.ExportRelease|Any CPU.Build.0 = Release|Any CPU
	EndGlobalSection
EndGlobal
